
Microsoft Visual Studio Solution File, Format Version 12.00
# Visual Studio Version 17
VisualStudioVersion = 17.0.32014.148
MinimumVisualStudioVersion = 10.0.40219.1
Project("{9A19103F-16F7-4668-BE54-9A1E7A4F7556}") = "Horizon Guide", "Horizon Guide.csproj", "{E65C206D-8C5D-4998-8777-F67FEBBD8370}"
EndProject
Project("{54435603-DBB4-11D2-8724-00A0C9A8B90C}") = "HorizonGuideSetup", "HorizonGuideSetup\HorizonGuideSetup.vdproj", "{1E13FEEA-A74B-4538-B6AD-C2F422D2E8FC}"
EndProject
Global
	GlobalSection(SolutionConfigurationPlatforms) = preSolution
		Debug|Any CPU = Debug|Any CPU
		Debug|x86 = Debug|x86
		Release|Any CPU = Release|Any CPU
		Release|x86 = Release|x86
	EndGlobalSection
	GlobalSection(ProjectConfigurationPlatforms) = postSolution
		{E65C206D-8C5D-4998-8777-F67FEBBD8370}.Debug|Any CPU.ActiveCfg = Debug|Any CPU
		{E65C206D-8C5D-4998-8777-F67FEBBD8370}.Debug|Any CPU.Build.0 = Debug|Any CPU
		{E65C206D-8C5D-4998-8777-F67FEBBD8370}.Debug|x86.ActiveCfg = Debug|Any CPU
		{E65C206D-8C5D-4998-8777-F67FEBBD8370}.Debug|x86.Build.0 = Debug|Any CPU
		{E65C206D-8C5D-4998-8777-F67FEBBD8370}.Release|Any CPU.ActiveCfg = Release|Any CPU
		{E65C206D-8C5D-4998-8777-F67FEBBD8370}.Release|Any CPU.Build.0 = Release|Any CPU
		{E65C206D-8C5D-4998-8777-F67FEBBD8370}.Release|x86.ActiveCfg = Release|Any CPU
		{E65C206D-8C5D-4998-8777-F67FEBBD8370}.Release|x86.Build.0 = Release|Any CPU
		{1E13FEEA-A74B-4538-B6AD-C2F422D2E8FC}.Debug|Any CPU.ActiveCfg = Debug
		{1E13FEEA-A74B-4538-B6AD-C2F422D2E8FC}.Debug|x86.ActiveCfg = Debug
		{1E13FEEA-A74B-4538-B6AD-C2F422D2E8FC}.Release|Any CPU.ActiveCfg = Release
		{1E13FEEA-A74B-4538-B6AD-C2F422D2E8FC}.Release|x86.ActiveCfg = Release
	EndGlobalSection
	GlobalSection(SolutionProperties) = preSolution
		HideSolutionNode = FALSE
	EndGlobalSection
	GlobalSection(ExtensibilityGlobals) = postSolution
		SolutionGuid = {32557C4D-5AEA-4540-B0BF-DE303297F4C8}
	EndGlobalSection
EndGlobal
