
Microsoft Visual Studio Solution File, Format Version 12.00
# Visual Studio Version 16
VisualStudioVersion = 16.0.31424.327
MinimumVisualStudioVersion = 10.0.40219.1
Project("{FAE04EC0-301F-11D3-BF4B-00C04F79EFBC}") = "Horizontal Guide", "Horizontal Guide.csproj", "{E65C206D-8C5D-4998-8777-F67FEBBD8370}"
EndProject
Global
	GlobalSection(SolutionConfigurationPlatforms) = preSolution
		Debug|Any CPU = Debug|Any CPU
		Release|Any CPU = Release|Any CPU
	EndGlobalSection
	GlobalSection(ProjectConfigurationPlatforms) = postSolution
		{E65C206D-8C5D-4998-8777-F67FEBBD8370}.Debug|Any CPU.ActiveCfg = Debug|Any CPU
		{E65C206D-8C5D-4998-8777-F67FEBBD8370}.Debug|Any CPU.Build.0 = Debug|Any CPU
		{E65C206D-8C5D-4998-8777-F67FEBBD8370}.Release|Any CPU.ActiveCfg = Release|Any CPU
		{E65C206D-8C5D-4998-8777-F67FEBBD8370}.Release|Any CPU.Build.0 = Release|Any CPU
	EndGlobalSection
	GlobalSection(SolutionProperties) = preSolution
		HideSolutionNode = FALSE
	EndGlobalSection
	GlobalSection(ExtensibilityGlobals) = postSolution
		SolutionGuid = {32557C4D-5AEA-4540-B0BF-DE303297F4C8}
	EndGlobalSection
EndGlobal
