
Microsoft Visual Studio Solution File, Format Version 12.00
# Visual Studio Version 16
VisualStudioVersion = 16.0.31424.327
MinimumVisualStudioVersion = 10.0.40219.1
Project("{9A19103F-16F7-4668-BE54-9A1E7A4F7556}") = "Horizon Guide", "Horizon Guide.csproj", "{E65C206D-8C5D-4998-8777-F67FEBBD8370}"
EndProject
Project("{930C7802-8A8C-48F9-8165-68863BCCD9DD}") = "Horizon Guide.setup", "..\Horizon Guide.setup\Horizon Guide.setup.wixproj", "{AE4DCF6E-C88E-4E9A-BF90-0D9ED373BB2A}"
EndProject
Global
	GlobalSection(SolutionConfigurationPlatforms) = preSolution
		Debug|Any CPU = Debug|Any CPU
		Debug|x86 = Debug|x86
		Release|Any CPU = Release|Any CPU
		Release|x86 = Release|x86
	EndGlobalSection
	GlobalSection(ProjectConfigurationPlatforms) = postSolution
		{E65C206D-8C5D-4998-8777-F67FEBBD8370}.Debug|Any CPU.ActiveCfg = Debug|Any CPU
		{E65C206D-8C5D-4998-8777-F67FEBBD8370}.Debug|Any CPU.Build.0 = Debug|Any CPU
		{E65C206D-8C5D-4998-8777-F67FEBBD8370}.Debug|x86.ActiveCfg = Debug|Any CPU
		{E65C206D-8C5D-4998-8777-F67FEBBD8370}.Debug|x86.Build.0 = Debug|Any CPU
		{E65C206D-8C5D-4998-8777-F67FEBBD8370}.Release|Any CPU.ActiveCfg = Release|Any CPU
		{E65C206D-8C5D-4998-8777-F67FEBBD8370}.Release|Any CPU.Build.0 = Release|Any CPU
		{E65C206D-8C5D-4998-8777-F67FEBBD8370}.Release|x86.ActiveCfg = Release|Any CPU
		{E65C206D-8C5D-4998-8777-F67FEBBD8370}.Release|x86.Build.0 = Release|Any CPU
		{AE4DCF6E-C88E-4E9A-BF90-0D9ED373BB2A}.Debug|Any CPU.ActiveCfg = Debug|x86
		{AE4DCF6E-C88E-4E9A-BF90-0D9ED373BB2A}.Debug|x86.ActiveCfg = Debug|x86
		{AE4DCF6E-C88E-4E9A-BF90-0D9ED373BB2A}.Debug|x86.Build.0 = Debug|x86
		{AE4DCF6E-C88E-4E9A-BF90-0D9ED373BB2A}.Release|Any CPU.ActiveCfg = Release|x86
		{AE4DCF6E-C88E-4E9A-BF90-0D9ED373BB2A}.Release|x86.ActiveCfg = Release|x86
		{AE4DCF6E-C88E-4E9A-BF90-0D9ED373BB2A}.Release|x86.Build.0 = Release|x86
	EndGlobalSection
	GlobalSection(SolutionProperties) = preSolution
		HideSolutionNode = FALSE
	EndGlobalSection
	GlobalSection(ExtensibilityGlobals) = postSolution
		SolutionGuid = {32557C4D-5AEA-4540-B0BF-DE303297F4C8}
	EndGlobalSection
EndGlobal
